
Microsoft Visual Studio Solution File, Format Version 12.00
# Visual Studio Version 17
VisualStudioVersion = 17.9.34728.123
MinimumVisualStudioVersion = 10.0.40219.1
Project("{FAE04EC0-301F-11D3-BF4B-00C04F79EFBC}") = "CursVN.API", "CursVN.API\CursVN.API.csproj", "{D9DF88A8-5184-4158-8563-2AE68B55DBF7}"
EndProject
Global
	GlobalSection(SolutionConfigurationPlatforms) = preSolution
		Debug|Any CPU = Debug|Any CPU
		Release|Any CPU = Release|Any CPU
	EndGlobalSection
	GlobalSection(ProjectConfigurationPlatforms) = postSolution
		{D9DF88A8-5184-4158-8563-2AE68B55DBF7}.Debug|Any CPU.ActiveCfg = Debug|Any CPU
		{D9DF88A8-5184-4158-8563-2AE68B55DBF7}.Debug|Any CPU.Build.0 = Debug|Any CPU
		{D9DF88A8-5184-4158-8563-2AE68B55DBF7}.Release|Any CPU.ActiveCfg = Release|Any CPU
		{D9DF88A8-5184-4158-8563-2AE68B55DBF7}.Release|Any CPU.Build.0 = Release|Any CPU
	EndGlobalSection
	GlobalSection(SolutionProperties) = preSolution
		HideSolutionNode = FALSE
	EndGlobalSection
	GlobalSection(ExtensibilityGlobals) = postSolution
		SolutionGuid = {847EF1CC-1B8D-4EA3-85D9-1641AB39CEB8}
	EndGlobalSection
EndGlobal
